{
	"name": "steam-app-id-finder",
	"version": "1.5.1",
	"lockfileVersion": 2,
	"requires": true,
	"packages": {
		"": {
			"name": "steam-app-id-finder",
			"version": "1.5.1",
			"dependencies": {
				"cli-progress": "^3.11.2",
				"fast-xml-parser": "^4.0.13",
				"jsonschema": "^1.4.1",
				"string-similarity": "^4.0.4"
			}
		},
		"node_modules/ansi-regex": {
			"version": "5.0.1",
			"resolved": "https://registry.npmjs.org/ansi-regex/-/ansi-regex-5.0.1.tgz",
			"integrity": "sha512-quJQXlTSUGL2LH9SUXo8VwsY4soanhgo6LNSm84E1LBcE8s3O0wpdiRzyR9z/ZZJMlMWv37qOOb9pdJlMUEKFQ==",
			"engines": {
				"node": ">=8"
			}
		},
		"node_modules/cli-progress": {
			"version": "3.11.2",
			"resolved": "https://registry.npmjs.org/cli-progress/-/cli-progress-3.11.2.tgz",
			"integrity": "sha512-lCPoS6ncgX4+rJu5bS3F/iCz17kZ9MPZ6dpuTtI0KXKABkhyXIdYB3Inby1OpaGti3YlI3EeEkM9AuWpelJrVA==",
			"dependencies": {
				"string-width": "^4.2.3"
			},
			"engines": {
				"node": ">=4"
			}
		},
		"node_modules/emoji-regex": {
			"version": "8.0.0",
			"resolved": "https://registry.npmjs.org/emoji-regex/-/emoji-regex-8.0.0.tgz",
			"integrity": "sha512-MSjYzcWNOA0ewAHpz0MxpYFvwg6yjy1NG3xteoqz644VCo/RPgnr1/GGt+ic3iJTzQ8Eu3TdM14SawnVUmGE6A=="
		},
		"node_modules/fast-xml-parser": {
			"version": "4.0.13",
			"resolved": "https://registry.npmjs.org/fast-xml-parser/-/fast-xml-parser-4.0.13.tgz",
			"integrity": "sha512-g+OboAw8ol1FgTHhKLR7ZHcItNudceiY04BBrvqa0JBWoPhi/+e5r4H5AeW+EsQCroJLJwsuOP3dD3c6cc5uOg==",
			"dependencies": {
				"strnum": "^1.0.5"
			},
			"bin": {
				"fxparser": "src/cli/cli.js"
			},
			"funding": {
				"type": "paypal",
				"url": "https://paypal.me/naturalintelligence"
			}
		},
		"node_modules/is-fullwidth-code-point": {
			"version": "3.0.0",
			"resolved": "https://registry.npmjs.org/is-fullwidth-code-point/-/is-fullwidth-code-point-3.0.0.tgz",
			"integrity": "sha512-zymm5+u+sCsSWyD9qNaejV3DFvhCKclKdizYaJUuHA83RLjb7nSuGnddCHGv0hk+KY7BMAlsWeK4Ueg6EV6XQg==",
			"engines": {
				"node": ">=8"
			}
		},
		"node_modules/jsonschema": {
			"version": "1.4.1",
			"resolved": "https://registry.npmjs.org/jsonschema/-/jsonschema-1.4.1.tgz",
			"integrity": "sha512-S6cATIPVv1z0IlxdN+zUk5EPjkGCdnhN4wVSBlvoUO1tOLJootbo9CquNJmbIh4yikWHiUedhRYrNPn1arpEmQ==",
			"engines": {
				"node": "*"
			}
		},
		"node_modules/string-similarity": {
			"version": "4.0.4",
			"resolved": "https://registry.npmjs.org/string-similarity/-/string-similarity-4.0.4.tgz",
			"integrity": "sha512-/q/8Q4Bl4ZKAPjj8WerIBJWALKkaPRfrvhfF8k/B23i4nzrlRj2/go1m90In7nG/3XDSbOo0+pu6RvCTM9RGMQ=="
		},
		"node_modules/string-width": {
			"version": "4.2.3",
			"resolved": "https://registry.npmjs.org/string-width/-/string-width-4.2.3.tgz",
			"integrity": "sha512-wKyQRQpjJ0sIp62ErSZdGsjMJWsap5oRNihHhu6G7JVO/9jIB6UyevL+tXuOqrng8j/cxKTWyWUwvSTriiZz/g==",
			"dependencies": {
				"emoji-regex": "^8.0.0",
				"is-fullwidth-code-point": "^3.0.0",
				"strip-ansi": "^6.0.1"
			},
			"engines": {
				"node": ">=8"
			}
		},
		"node_modules/strip-ansi": {
			"version": "6.0.1",
			"resolved": "https://registry.npmjs.org/strip-ansi/-/strip-ansi-6.0.1.tgz",
			"integrity": "sha512-Y38VPSHcqkFrCpFnQ9vuSXmquuv5oXOKpGeT6aGrr3o3Gc9AlVa6JBfUSOCnbxGGZF+/0ooI7KrPuUSztUdU5A==",
			"dependencies": {
				"ansi-regex": "^5.0.1"
			},
			"engines": {
				"node": ">=8"
			}
		},
		"node_modules/strnum": {
			"version": "1.0.5",
			"resolved": "https://registry.npmjs.org/strnum/-/strnum-1.0.5.tgz",
			"integrity": "sha512-J8bbNyKKXl5qYcR36TIO8W3mVGVHrmmxsd5PAItGkmyzwJvybiw2IVq5nqd0i4LSNSkB/sx9VHllbfFdr9k1JA=="
		}
	},
	"dependencies": {
		"ansi-regex": {
			"version": "5.0.1",
			"resolved": "https://registry.npmjs.org/ansi-regex/-/ansi-regex-5.0.1.tgz",
			"integrity": "sha512-quJQXlTSUGL2LH9SUXo8VwsY4soanhgo6LNSm84E1LBcE8s3O0wpdiRzyR9z/ZZJMlMWv37qOOb9pdJlMUEKFQ=="
		},
		"cli-progress": {
			"version": "3.11.2",
			"resolved": "https://registry.npmjs.org/cli-progress/-/cli-progress-3.11.2.tgz",
			"integrity": "sha512-lCPoS6ncgX4+rJu5bS3F/iCz17kZ9MPZ6dpuTtI0KXKABkhyXIdYB3Inby1OpaGti3YlI3EeEkM9AuWpelJrVA==",
			"requires": {
				"string-width": "^4.2.3"
			}
		},
		"emoji-regex": {
			"version": "8.0.0",
			"resolved": "https://registry.npmjs.org/emoji-regex/-/emoji-regex-8.0.0.tgz",
			"integrity": "sha512-MSjYzcWNOA0ewAHpz0MxpYFvwg6yjy1NG3xteoqz644VCo/RPgnr1/GGt+ic3iJTzQ8Eu3TdM14SawnVUmGE6A=="
		},
		"fast-xml-parser": {
			"version": "4.0.13",
			"resolved": "https://registry.npmjs.org/fast-xml-parser/-/fast-xml-parser-4.0.13.tgz",
			"integrity": "sha512-g+OboAw8ol1FgTHhKLR7ZHcItNudceiY04BBrvqa0JBWoPhi/+e5r4H5AeW+EsQCroJLJwsuOP3dD3c6cc5uOg==",
			"requires": {
				"strnum": "^1.0.5"
			}
		},
		"is-fullwidth-code-point": {
			"version": "3.0.0",
			"resolved": "https://registry.npmjs.org/is-fullwidth-code-point/-/is-fullwidth-code-point-3.0.0.tgz",
			"integrity": "sha512-zymm5+u+sCsSWyD9qNaejV3DFvhCKclKdizYaJUuHA83RLjb7nSuGnddCHGv0hk+KY7BMAlsWeK4Ueg6EV6XQg=="
		},
		"jsonschema": {
			"version": "1.4.1",
			"resolved": "https://registry.npmjs.org/jsonschema/-/jsonschema-1.4.1.tgz",
			"integrity": "sha512-S6cATIPVv1z0IlxdN+zUk5EPjkGCdnhN4wVSBlvoUO1tOLJootbo9CquNJmbIh4yikWHiUedhRYrNPn1arpEmQ=="
		},
		"string-similarity": {
			"version": "4.0.4",
			"resolved": "https://registry.npmjs.org/string-similarity/-/string-similarity-4.0.4.tgz",
			"integrity": "sha512-/q/8Q4Bl4ZKAPjj8WerIBJWALKkaPRfrvhfF8k/B23i4nzrlRj2/go1m90In7nG/3XDSbOo0+pu6RvCTM9RGMQ=="
		},
		"string-width": {
			"version": "4.2.3",
			"resolved": "https://registry.npmjs.org/string-width/-/string-width-4.2.3.tgz",
			"integrity": "sha512-wKyQRQpjJ0sIp62ErSZdGsjMJWsap5oRNihHhu6G7JVO/9jIB6UyevL+tXuOqrng8j/cxKTWyWUwvSTriiZz/g==",
			"requires": {
				"emoji-regex": "^8.0.0",
				"is-fullwidth-code-point": "^3.0.0",
				"strip-ansi": "^6.0.1"
			}
		},
		"strip-ansi": {
			"version": "6.0.1",
			"resolved": "https://registry.npmjs.org/strip-ansi/-/strip-ansi-6.0.1.tgz",
			"integrity": "sha512-Y38VPSHcqkFrCpFnQ9vuSXmquuv5oXOKpGeT6aGrr3o3Gc9AlVa6JBfUSOCnbxGGZF+/0ooI7KrPuUSztUdU5A==",
			"requires": {
				"ansi-regex": "^5.0.1"
			}
		},
		"strnum": {
			"version": "1.0.5",
			"resolved": "https://registry.npmjs.org/strnum/-/strnum-1.0.5.tgz",
			"integrity": "sha512-J8bbNyKKXl5qYcR36TIO8W3mVGVHrmmxsd5PAItGkmyzwJvybiw2IVq5nqd0i4LSNSkB/sx9VHllbfFdr9k1JA=="
		}
	}
}
