{
	"name": "steam-id-from-game-name",
	"version": "1.0.0",
	"lockfileVersion": 2,
	"requires": true,
	"packages": {
		"": {
			"name": "steam-id-from-game-name",
			"version": "1.0.0",
			"dependencies": {
				"jsonschema": "^1.4.1",
				"string-similarity": "^4.0.4"
			}
		},
		"node_modules/jsonschema": {
			"version": "1.4.1",
			"resolved": "https://registry.npmjs.org/jsonschema/-/jsonschema-1.4.1.tgz",
			"integrity": "sha512-S6cATIPVv1z0IlxdN+zUk5EPjkGCdnhN4wVSBlvoUO1tOLJootbo9CquNJmbIh4yikWHiUedhRYrNPn1arpEmQ==",
			"engines": {
				"node": "*"
			}
		},
		"node_modules/string-similarity": {
			"version": "4.0.4",
			"resolved": "https://registry.npmjs.org/string-similarity/-/string-similarity-4.0.4.tgz",
			"integrity": "sha512-/q/8Q4Bl4ZKAPjj8WerIBJWALKkaPRfrvhfF8k/B23i4nzrlRj2/go1m90In7nG/3XDSbOo0+pu6RvCTM9RGMQ=="
		}
	},
	"dependencies": {
		"jsonschema": {
			"version": "1.4.1",
			"resolved": "https://registry.npmjs.org/jsonschema/-/jsonschema-1.4.1.tgz",
			"integrity": "sha512-S6cATIPVv1z0IlxdN+zUk5EPjkGCdnhN4wVSBlvoUO1tOLJootbo9CquNJmbIh4yikWHiUedhRYrNPn1arpEmQ=="
		},
		"string-similarity": {
			"version": "4.0.4",
			"resolved": "https://registry.npmjs.org/string-similarity/-/string-similarity-4.0.4.tgz",
			"integrity": "sha512-/q/8Q4Bl4ZKAPjj8WerIBJWALKkaPRfrvhfF8k/B23i4nzrlRj2/go1m90In7nG/3XDSbOo0+pu6RvCTM9RGMQ=="
		}
	}
}
